
Microsoft Visual Studio Solution File, Format Version 12.00
# Visual Studio Version 16
VisualStudioVersion = 16.0.31105.61
MinimumVisualStudioVersion = 10.0.40219.1
Project("{FAE04EC0-301F-11D3-BF4B-00C04F79EFBC}") = "AppSix", "AppSix.csproj", "{049C97D0-843B-48B1-B5A0-D589C16B6C13}"
EndProject
Global
	GlobalSection(SolutionConfigurationPlatforms) = preSolution
		Debug|Any CPU = Debug|Any CPU
		Release|Any CPU = Release|Any CPU
	EndGlobalSection
	GlobalSection(ProjectConfigurationPlatforms) = postSolution
		{049C97D0-843B-48B1-B5A0-D589C16B6C13}.Debug|Any CPU.ActiveCfg = Debug|Any CPU
		{049C97D0-843B-48B1-B5A0-D589C16B6C13}.Debug|Any CPU.Build.0 = Debug|Any CPU
		{049C97D0-843B-48B1-B5A0-D589C16B6C13}.Release|Any CPU.ActiveCfg = Release|Any CPU
		{049C97D0-843B-48B1-B5A0-D589C16B6C13}.Release|Any CPU.Build.0 = Release|Any CPU
	EndGlobalSection
	GlobalSection(SolutionProperties) = preSolution
		HideSolutionNode = FALSE
	EndGlobalSection
	GlobalSection(ExtensibilityGlobals) = postSolution
		SolutionGuid = {6F32B825-B80E-4CE8-BBB0-ED5F3D249F3F}
	EndGlobalSection
EndGlobal
